{
  "nodes": {
    "hardware": {
      "locked": {
        "lastModified": 1713521961,
        "narHash": "sha256-EwR8wW9AqJhSIY+0oxWRybUZ32BVKuZ9bjlRh8SJvQ8=",
        "owner": "nixos",
        "repo": "nixos-hardware",
        "rev": "5d48925b815fd202781bfae8fb6f45c07112fdb2",
        "type": "github"
      },
      "original": {
        "owner": "nixos",
        "repo": "nixos-hardware",
        "type": "github"
      }
    },
    "home-manager": {
      "inputs": {
        "nixpkgs": [
          "nixpkgs"
        ]
      },
      "locked": {
        "lastModified": 1713713092,
        "narHash": "sha256-rvyr6BBtn3cq5B/48rhJlbIOpxprwlO/71663sd9Gik=",
        "owner": "nix-community",
        "repo": "home-manager",
        "rev": "2846d5230a3c3923618eabb367deaf8885df580f",
        "type": "github"
      },
      "original": {
        "owner": "nix-community",
        "ref": "master",
        "repo": "home-manager",
        "type": "github"
      }
    },
    "nixpkgs": {
      "locked": {
        "lastModified": 1714081647,
        "narHash": "sha256-0IEH0DjTxFcx1QIBb6L7a24fGEMYg9fvjn9hcvfiP3M=",
        "owner": "kylosus",
        "repo": "nixpkgs",
        "rev": "fba4b80acba62d40049101f261d32bcb8d4f625a",
        "type": "github"
      },
      "original": {
        "owner": "kylosus",
        "ref": "uboot-patch",
        "repo": "nixpkgs",
        "type": "github"
      }
    },
    "nixpkgs-stable": {
      "locked": {
        "lastModified": 1713564160,
        "narHash": "sha256-YguPZpiejgzLEcO36/SZULjJQ55iWcjAmf3lYiyV1Fo=",
        "owner": "nixos",
        "repo": "nixpkgs",
        "rev": "bc194f70731cc5d2b046a6c1b3b15f170f05999c",
        "type": "github"
      },
      "original": {
        "owner": "nixos",
        "ref": "nixos-23.11",
        "repo": "nixpkgs",
        "type": "github"
      }
    },
    "nixpkgs-stable_2": {
      "locked": {
        "lastModified": 1713638189,
        "narHash": "sha256-q7APLfB6FmmSMI1Su5ihW9IwntBsk2hWNXh8XtSdSIk=",
        "owner": "NixOS",
        "repo": "nixpkgs",
        "rev": "74574c38577914733b4f7a775dd77d24245081dd",
        "type": "github"
      },
      "original": {
        "owner": "NixOS",
        "ref": "release-23.11",
        "repo": "nixpkgs",
        "type": "github"
      }
    },
    "nixpkgs-unstable": {
      "locked": {
        "lastModified": 1713537308,
        "narHash": "sha256-XtTSSIB2DA6tOv+l0FhvfDMiyCmhoRbNB+0SeInZkbk=",
        "owner": "nixos",
        "repo": "nixpkgs",
        "rev": "5c24cf2f0a12ad855f444c30b2421d044120c66f",
        "type": "github"
      },
      "original": {
        "owner": "nixos",
        "ref": "nixos-unstable",
        "repo": "nixpkgs",
        "type": "github"
      }
    },
    "nixpkgs_2": {
      "locked": {
        "lastModified": 1713537308,
        "narHash": "sha256-XtTSSIB2DA6tOv+l0FhvfDMiyCmhoRbNB+0SeInZkbk=",
        "owner": "nixos",
        "repo": "nixpkgs",
        "rev": "5c24cf2f0a12ad855f444c30b2421d044120c66f",
        "type": "github"
      },
      "original": {
        "owner": "nixos",
        "ref": "nixos-unstable",
        "repo": "nixpkgs",
        "type": "github"
      }
    },
    "nixpkgs_3": {
      "locked": {
        "lastModified": 1713596654,
        "narHash": "sha256-LJbHQQ5aX1LVth2ST+Kkse/DRzgxlVhTL1rxthvyhZc=",
        "owner": "NixOS",
        "repo": "nixpkgs",
        "rev": "fd16bb6d3bcca96039b11aa52038fafeb6e4f4be",
        "type": "github"
      },
      "original": {
        "owner": "NixOS",
        "ref": "nixpkgs-unstable",
        "repo": "nixpkgs",
        "type": "github"
      }
    },
    "root": {
      "inputs": {
        "hardware": "hardware",
        "home-manager": "home-manager",
        "nixpkgs": "nixpkgs",
        "nixpkgs-stable": "nixpkgs-stable",
        "nixpkgs-unstable": "nixpkgs-unstable",
        "secrets": "secrets",
        "sops-nix": "sops-nix"
      }
    },
    "secrets": {
      "inputs": {
        "nixpkgs": "nixpkgs_2"
      },
      "locked": {
        "lastModified": 1713901083,
        "narHash": "sha256-V76kd9kPs1a3MzTm2rmFvYTKujKxoH+aKEIL+iqYpFc=",
        "ref": "main",
        "rev": "2192981ed3d0540a2e138e7a4a7fc0aea785959f",
        "revCount": 3,
        "type": "git",
        "url": "ssh://git@github.com/kylosus/nixdoots-secret.git"
      },
      "original": {
        "ref": "main",
        "type": "git",
        "url": "ssh://git@github.com/kylosus/nixdoots-secret.git"
      }
    },
    "sops-nix": {
      "inputs": {
        "nixpkgs": "nixpkgs_3",
        "nixpkgs-stable": "nixpkgs-stable_2"
      },
      "locked": {
        "lastModified": 1713668495,
        "narHash": "sha256-4BvlfPfyUmB1U0r/oOF6jGEW/pG59c5yv6PJwgucTNM=",
        "owner": "Mic92",
        "repo": "sops-nix",
        "rev": "09f1bc8ba3277c0f052f7887ec92721501541938",
        "type": "github"
      },
      "original": {
        "owner": "Mic92",
        "repo": "sops-nix",
        "type": "github"
      }
    }
  },
  "root": "root",
  "version": 7
}
